
Microsoft Visual Studio Solution File, Format Version 12.00
# Visual Studio Version 17
VisualStudioVersion = 17.1.32210.238
MinimumVisualStudioVersion = 10.0.40219.1
Project("{FAE04EC0-301F-11D3-BF4B-00C04F79EFBC}") = "modul7_1302204080", "modul7_1302204080.csproj", "{A7B29BEC-1492-496E-B617-0796F1D2425B}"
EndProject
Global
	GlobalSection(SolutionConfigurationPlatforms) = preSolution
		Debug|Any CPU = Debug|Any CPU
		Release|Any CPU = Release|Any CPU
	EndGlobalSection
	GlobalSection(ProjectConfigurationPlatforms) = postSolution
		{A7B29BEC-1492-496E-B617-0796F1D2425B}.Debug|Any CPU.ActiveCfg = Debug|Any CPU
		{A7B29BEC-1492-496E-B617-0796F1D2425B}.Debug|Any CPU.Build.0 = Debug|Any CPU
		{A7B29BEC-1492-496E-B617-0796F1D2425B}.Release|Any CPU.ActiveCfg = Release|Any CPU
		{A7B29BEC-1492-496E-B617-0796F1D2425B}.Release|Any CPU.Build.0 = Release|Any CPU
	EndGlobalSection
	GlobalSection(SolutionProperties) = preSolution
		HideSolutionNode = FALSE
	EndGlobalSection
	GlobalSection(ExtensibilityGlobals) = postSolution
		SolutionGuid = {D0FC51A1-5CDC-47EC-AF7A-8A239A3D9A8C}
	EndGlobalSection
EndGlobal
